{
  "name": "imported",
  "version": "1.0.0",
  "lockfileVersion": 3,
  "requires": true,
  "packages": {
    "": {
      "name": "imported",
      "version": "1.0.0",
      "license": "ISC",
      "dependencies": {
        "@mahmoud404/math": "^1.0.0"
      }
    },
    "node_modules/@mahmoud404/math": {
      "version": "1.0.0",
      "resolved": "https://registry.npmjs.org/@mahmoud404/math/-/math-1.0.0.tgz",
      "integrity": "sha512-FUoRpgikK1J4bk/zhBvFoDEU7/8GsqXJuNefF1fKuEq01EzzWcXWP2OmowUWfxVdLxKF9XI345H7eTGzktdvGQ==",
      "license": "ISC"
    }
  }
}
